
Microsoft Visual Studio Solution File, Format Version 12.00
# Visual Studio Version 17
VisualStudioVersion = 17.10.35027.167
MinimumVisualStudioVersion = 10.0.40219.1
Project("{9A19103F-16F7-4668-BE54-9A1E7A4F7556}") = "Z.Phone2Region.Net", "Z.Phone2Region.Net\Z.Phone2Region.Net.csproj", "{53492468-82D6-4DAC-BFD5-5876A653E719}"
EndProject
Project("{FAE04EC0-301F-11D3-BF4B-00C04F79EFBC}") = "Z.Phone2Region.Net.Test", "Z.Phone2Region.Net.Test\Z.Phone2Region.Net.Test.csproj", "{EE0B5C8F-B1E3-4947-BE36-D6592C1EEFEC}"
EndProject
Project("{9A19103F-16F7-4668-BE54-9A1E7A4F7556}") = "Z.Phone2Region.Net.Test.Net8", "Z.Phone2Region.Net.Test.Net8\Z.Phone2Region.Net.Test.Net8.csproj", "{6D84804C-8EC7-4363-BD35-72EF419938C8}"
EndProject
Project("{FAE04EC0-301F-11D3-BF4B-00C04F79EFBC}") = "Z.Phone2Region.Net.UI", "Z.Phone2Region.Net.UI\Z.Phone2Region.Net.UI.csproj", "{58893EFA-9FF5-48E8-BB81-DF868AE7A64B}"
EndProject
Project("{FAE04EC0-301F-11D3-BF4B-00C04F79EFBC}") = "Z.Phone2Region.Net.UI.Net8.Win", "Z.Phone2Region.Net.UI.Net8.Win\Z.Phone2Region.Net.UI.Net8.Win.csproj", "{2A3B7287-8443-4B40-8FB0-828FE81B9828}"
EndProject
Global
	GlobalSection(SolutionConfigurationPlatforms) = preSolution
		Debug|Any CPU = Debug|Any CPU
		Release|Any CPU = Release|Any CPU
	EndGlobalSection
	GlobalSection(ProjectConfigurationPlatforms) = postSolution
		{53492468-82D6-4DAC-BFD5-5876A653E719}.Debug|Any CPU.ActiveCfg = Debug|Any CPU
		{53492468-82D6-4DAC-BFD5-5876A653E719}.Debug|Any CPU.Build.0 = Debug|Any CPU
		{53492468-82D6-4DAC-BFD5-5876A653E719}.Release|Any CPU.ActiveCfg = Release|Any CPU
		{53492468-82D6-4DAC-BFD5-5876A653E719}.Release|Any CPU.Build.0 = Release|Any CPU
		{EE0B5C8F-B1E3-4947-BE36-D6592C1EEFEC}.Debug|Any CPU.ActiveCfg = Debug|Any CPU
		{EE0B5C8F-B1E3-4947-BE36-D6592C1EEFEC}.Debug|Any CPU.Build.0 = Debug|Any CPU
		{EE0B5C8F-B1E3-4947-BE36-D6592C1EEFEC}.Release|Any CPU.ActiveCfg = Release|Any CPU
		{EE0B5C8F-B1E3-4947-BE36-D6592C1EEFEC}.Release|Any CPU.Build.0 = Release|Any CPU
		{6D84804C-8EC7-4363-BD35-72EF419938C8}.Debug|Any CPU.ActiveCfg = Debug|Any CPU
		{6D84804C-8EC7-4363-BD35-72EF419938C8}.Debug|Any CPU.Build.0 = Debug|Any CPU
		{6D84804C-8EC7-4363-BD35-72EF419938C8}.Release|Any CPU.ActiveCfg = Release|Any CPU
		{6D84804C-8EC7-4363-BD35-72EF419938C8}.Release|Any CPU.Build.0 = Release|Any CPU
		{58893EFA-9FF5-48E8-BB81-DF868AE7A64B}.Debug|Any CPU.ActiveCfg = Debug|Any CPU
		{58893EFA-9FF5-48E8-BB81-DF868AE7A64B}.Debug|Any CPU.Build.0 = Debug|Any CPU
		{58893EFA-9FF5-48E8-BB81-DF868AE7A64B}.Release|Any CPU.ActiveCfg = Release|Any CPU
		{58893EFA-9FF5-48E8-BB81-DF868AE7A64B}.Release|Any CPU.Build.0 = Release|Any CPU
		{2A3B7287-8443-4B40-8FB0-828FE81B9828}.Debug|Any CPU.ActiveCfg = Debug|Any CPU
		{2A3B7287-8443-4B40-8FB0-828FE81B9828}.Debug|Any CPU.Build.0 = Debug|Any CPU
		{2A3B7287-8443-4B40-8FB0-828FE81B9828}.Release|Any CPU.ActiveCfg = Release|Any CPU
		{2A3B7287-8443-4B40-8FB0-828FE81B9828}.Release|Any CPU.Build.0 = Release|Any CPU
	EndGlobalSection
	GlobalSection(SolutionProperties) = preSolution
		HideSolutionNode = FALSE
	EndGlobalSection
	GlobalSection(ExtensibilityGlobals) = postSolution
		SolutionGuid = {143B242F-F665-4312-94D2-B709A5A5BDE9}
	EndGlobalSection
EndGlobal
